
Microsoft Visual Studio Solution File, Format Version 12.00
# Visual Studio Version 17
VisualStudioVersion = 17.3.32825.248
MinimumVisualStudioVersion = 10.0.40219.1
Project("{FAE04EC0-301F-11D3-BF4B-00C04F79EFBC}") = "Exec3_Delegate", "Exec3_Delegate\Exec3_Delegate.csproj", "{477ADB12-DD6A-441A-83E6-DE04F9346630}"
EndProject
Global
	GlobalSection(SolutionConfigurationPlatforms) = preSolution
		Debug|Any CPU = Debug|Any CPU
		Release|Any CPU = Release|Any CPU
	EndGlobalSection
	GlobalSection(ProjectConfigurationPlatforms) = postSolution
		{477ADB12-DD6A-441A-83E6-DE04F9346630}.Debug|Any CPU.ActiveCfg = Debug|Any CPU
		{477ADB12-DD6A-441A-83E6-DE04F9346630}.Debug|Any CPU.Build.0 = Debug|Any CPU
		{477ADB12-DD6A-441A-83E6-DE04F9346630}.Release|Any CPU.ActiveCfg = Release|Any CPU
		{477ADB12-DD6A-441A-83E6-DE04F9346630}.Release|Any CPU.Build.0 = Release|Any CPU
	EndGlobalSection
	GlobalSection(SolutionProperties) = preSolution
		HideSolutionNode = FALSE
	EndGlobalSection
	GlobalSection(ExtensibilityGlobals) = postSolution
		SolutionGuid = {E1537479-D904-4902-928D-A99D7D922FF8}
	EndGlobalSection
EndGlobal
